# This file is automatically @generated by Cargo.
# It is not intended for manual editing.
version = 4

[[package]]
name = "p1-2"
version = "0.1.0"

[[package]]
name = "p2"
version = "0.1.0"

[[package]]
name = "p3-1"
version = "0.1.0"

[[package]]
name = "p3-2"
version = "0.1.0"

[[package]]
name = "p3-3"
version = "0.1.0"

[[package]]
name = "p3-5"
version = "0.1.0"

[[package]]
name = "p4-1"
version = "0.1.0"

[[package]]
name = "p4-2"
version = "0.1.0"

[[package]]
name = "p4-3"
version = "0.1.0"
